
Microsoft Visual Studio Solution File, Format Version 12.00
# Visual Studio 14
VisualStudioVersion = 14.0.25123.0
MinimumVisualStudioVersion = 10.0.40219.1
Project("{FAE04EC0-301F-11D3-BF4B-00C04F79EFBC}") = "Lab2_TicTacToe", "Lab2_TicTacToe\Lab2_TicTacToe.csproj", "{FA558005-D46C-45D4-AB51-5DAFD60309F6}"
EndProject
Project("{FAE04EC0-301F-11D3-BF4B-00C04F79EFBC}") = "Lab2_TwentyOne", "Lab2_TwentyOne\Lab2_TwentyOne.csproj", "{20FDBE73-353B-4133-8FE1-962F7AD6BC5C}"
EndProject
Project("{FAE04EC0-301F-11D3-BF4B-00C04F79EFBC}") = "MVC_Lab1", "MVC_Lab1\MVC_Lab1.csproj", "{CDF294B7-5EEB-47C6-A8A7-E1DE69A4245D}"
EndProject
Project("{8BB2217D-0F2D-49D1-97BC-3654ED321F3B}") = "ContosoBooks", "ContosoBooks\ContosoBooks.xproj", "{25A11CBE-2494-42A3-BE85-13F95B56E66D}"
EndProject
Project("{8BB2217D-0F2D-49D1-97BC-3654ED321F3B}") = "MvcMovie", "MvcMovie\MvcMovie.xproj", "{E482C443-EA59-421C-91EF-E0C0E1ABE8BF}"
EndProject
Project("{FAE04EC0-301F-11D3-BF4B-00C04F79EFBC}") = "Lab3.2", "Lab3.2\Lab3.2.csproj", "{3538EEB1-C999-4D94-B715-B96413652767}"
EndProject
Project("{FAE04EC0-301F-11D3-BF4B-00C04F79EFBC}") = "Lab4.1", "Lab4.1\Lab4.1.csproj", "{FEF5DD79-D043-4985-B9CB-CE06449E79E4}"
EndProject
Global
	GlobalSection(SolutionConfigurationPlatforms) = preSolution
		Debug|Any CPU = Debug|Any CPU
		Release|Any CPU = Release|Any CPU
	EndGlobalSection
	GlobalSection(ProjectConfigurationPlatforms) = postSolution
		{FA558005-D46C-45D4-AB51-5DAFD60309F6}.Debug|Any CPU.ActiveCfg = Debug|Any CPU
		{FA558005-D46C-45D4-AB51-5DAFD60309F6}.Debug|Any CPU.Build.0 = Debug|Any CPU
		{FA558005-D46C-45D4-AB51-5DAFD60309F6}.Release|Any CPU.ActiveCfg = Release|Any CPU
		{FA558005-D46C-45D4-AB51-5DAFD60309F6}.Release|Any CPU.Build.0 = Release|Any CPU
		{20FDBE73-353B-4133-8FE1-962F7AD6BC5C}.Debug|Any CPU.ActiveCfg = Debug|Any CPU
		{20FDBE73-353B-4133-8FE1-962F7AD6BC5C}.Debug|Any CPU.Build.0 = Debug|Any CPU
		{20FDBE73-353B-4133-8FE1-962F7AD6BC5C}.Release|Any CPU.ActiveCfg = Release|Any CPU
		{20FDBE73-353B-4133-8FE1-962F7AD6BC5C}.Release|Any CPU.Build.0 = Release|Any CPU
		{CDF294B7-5EEB-47C6-A8A7-E1DE69A4245D}.Debug|Any CPU.ActiveCfg = Debug|Any CPU
		{CDF294B7-5EEB-47C6-A8A7-E1DE69A4245D}.Debug|Any CPU.Build.0 = Debug|Any CPU
		{CDF294B7-5EEB-47C6-A8A7-E1DE69A4245D}.Release|Any CPU.ActiveCfg = Release|Any CPU
		{CDF294B7-5EEB-47C6-A8A7-E1DE69A4245D}.Release|Any CPU.Build.0 = Release|Any CPU
		{25A11CBE-2494-42A3-BE85-13F95B56E66D}.Debug|Any CPU.ActiveCfg = Debug|Any CPU
		{25A11CBE-2494-42A3-BE85-13F95B56E66D}.Debug|Any CPU.Build.0 = Debug|Any CPU
		{25A11CBE-2494-42A3-BE85-13F95B56E66D}.Release|Any CPU.ActiveCfg = Release|Any CPU
		{25A11CBE-2494-42A3-BE85-13F95B56E66D}.Release|Any CPU.Build.0 = Release|Any CPU
		{E482C443-EA59-421C-91EF-E0C0E1ABE8BF}.Debug|Any CPU.ActiveCfg = Debug|Any CPU
		{E482C443-EA59-421C-91EF-E0C0E1ABE8BF}.Debug|Any CPU.Build.0 = Debug|Any CPU
		{E482C443-EA59-421C-91EF-E0C0E1ABE8BF}.Release|Any CPU.ActiveCfg = Release|Any CPU
		{E482C443-EA59-421C-91EF-E0C0E1ABE8BF}.Release|Any CPU.Build.0 = Release|Any CPU
		{3538EEB1-C999-4D94-B715-B96413652767}.Debug|Any CPU.ActiveCfg = Debug|Any CPU
		{3538EEB1-C999-4D94-B715-B96413652767}.Debug|Any CPU.Build.0 = Debug|Any CPU
		{3538EEB1-C999-4D94-B715-B96413652767}.Release|Any CPU.ActiveCfg = Release|Any CPU
		{3538EEB1-C999-4D94-B715-B96413652767}.Release|Any CPU.Build.0 = Release|Any CPU
		{FEF5DD79-D043-4985-B9CB-CE06449E79E4}.Debug|Any CPU.ActiveCfg = Debug|Any CPU
		{FEF5DD79-D043-4985-B9CB-CE06449E79E4}.Debug|Any CPU.Build.0 = Debug|Any CPU
		{FEF5DD79-D043-4985-B9CB-CE06449E79E4}.Release|Any CPU.ActiveCfg = Release|Any CPU
		{FEF5DD79-D043-4985-B9CB-CE06449E79E4}.Release|Any CPU.Build.0 = Release|Any CPU
	EndGlobalSection
	GlobalSection(SolutionProperties) = preSolution
		HideSolutionNode = FALSE
	EndGlobalSection
EndGlobal
